
Microsoft Visual Studio Solution File, Format Version 12.00
# Visual Studio 15
Project("{FAE04EC0-301F-11D3-BF4B-00C04F79EFBC}") = "Analyze", "Analyze.csproj", "{FAB93785-5683-5133-6028-4671DA2733B6}"
EndProject
Project("{FAE04EC0-301F-11D3-BF4B-00C04F79EFBC}") = "Analyze.Editor", "Analyze.Editor.csproj", "{953E613D-30DE-E787-1003-BC964302DB25}"
EndProject
Global
	GlobalSection(SolutionConfigurationPlatforms) = preSolution
		Debug|Any CPU = Debug|Any CPU
		Release|Any CPU = Release|Any CPU
	EndGlobalSection
	GlobalSection(ProjectConfigurationPlatforms) = postSolution
		{FAB93785-5683-5133-6028-4671DA2733B6}.Debug|Any CPU.ActiveCfg = Debug|Any CPU
		{FAB93785-5683-5133-6028-4671DA2733B6}.Debug|Any CPU.Build.0 = Debug|Any CPU
		{FAB93785-5683-5133-6028-4671DA2733B6}.Release|Any CPU.ActiveCfg = Release|Any CPU
		{FAB93785-5683-5133-6028-4671DA2733B6}.Release|Any CPU.Build.0 = Release|Any CPU
		{953E613D-30DE-E787-1003-BC964302DB25}.Debug|Any CPU.ActiveCfg = Debug|Any CPU
		{953E613D-30DE-E787-1003-BC964302DB25}.Debug|Any CPU.Build.0 = Debug|Any CPU
		{953E613D-30DE-E787-1003-BC964302DB25}.Release|Any CPU.ActiveCfg = Release|Any CPU
		{953E613D-30DE-E787-1003-BC964302DB25}.Release|Any CPU.Build.0 = Release|Any CPU
	EndGlobalSection
	GlobalSection(SolutionProperties) = preSolution
		HideSolutionNode = FALSE
	EndGlobalSection
EndGlobal
